{
  "version": 4,
  "terraform_version": "1.0.0",
  "serial": 79,
  "lineage": "5818f772-357e-9b83-1e49-71b4fc7e5a0c",
  "outputs": {},
  "resources": [
    {
      "mode": "data",
      "type": "google_service_account",
      "name": "doit_easily_backend_integration_sa",
      "provider": "provider[\"registry.terraform.io/hashicorp/google\"]",
      "instances": [
        {
          "schema_version": 0,
          "attributes": {
            "account_id": "saas-codelab",
            "display_name": "",
            "email": "saas-codelab@doit-public.iam.gserviceaccount.com",
            "id": "projects/doit-public/serviceAccounts/saas-codelab@doit-public.iam.gserviceaccount.com",
            "name": "projects/doit-public/serviceAccounts/saas-codelab@doit-public.iam.gserviceaccount.com",
            "project": "doit-public",
            "unique_id": "118424514155136627063"
          },
          "sensitive_attributes": []
        }
      ]
    },
    {
      "mode": "data",
      "type": "google_service_account_access_token",
      "name": "prod_token",
      "provider": "provider[\"registry.terraform.io/hashicorp/google\"]",
      "instances": [
        {
          "schema_version": 0,
          "attributes": {
            "access_token": "ya29.c.b0AXv0zTNtKvUDEGkwubKUt2PxLQRIxl_JfF1-53KbHlgQ-M7NvVBl1aw5SLmOrspEh6a8ZVdk9SyxIxeOBpr3cz3wrMtjMtR95YAkDPleypio_ij6tH_Lob12_pXcg-DDrgrEarnHxeBAx1CPqlHqtPhflTfHIfjZ_Lgkxfpk56cRZKgwKrsQeDajc8NTx2s0l5byUUaqd8P8thTcmAMKrAuZmcvBocH5eDBPLqu1vyMi2cOFi5Cr-B8LjqDfJ1LYIFRDAwth_y4qsOzmLdYlhhV7KTuW0KudDWf09Zn-_Z4X-0uEENW2rYw8XXneA6lbDWctmBtn5TUvu1npwvfaP09FLpbPrz0Zp9WPZwJi_Eto36gd1wAiXboG4H939HWhyjWgFFI8sBsfoh9QgGsnRtX42lNEVaPUuGfPXl4-ciwBa8YP-i-tNQbquS-dljBmtnnJpKlUOwgemhI-sJs6d7_YX5lzK_UpmOY5qsfdbJaUpYxL.......................................................................................................................................................................................................................................................................................................................................................................................................................................................................................................................................",
            "delegates": null,
            "id": "projects/-/serviceAccounts/saas-codelab@doit-public.iam.gserviceaccount.com",
            "lifetime": "1200s",
            "scopes": [
              "cloud-platform",
              "userinfo-email"
            ],
            "target_service_account": "saas-codelab@doit-public.iam.gserviceaccount.com"
          },
          "sensitive_attributes": []
        }
      ]
    },
    {
      "mode": "managed",
      "type": "google_project_iam_member",
      "name": "doit_easily_pubsub_editor",
      "provider": "provider[\"registry.terraform.io/hashicorp/google\"]",
      "instances": [
        {
          "schema_version": 0,
          "attributes": {
            "condition": [],
            "etag": "BwXjtndBrZo=",
            "id": "doit-public/roles/pubsub.editor/serviceAccount:saas-codelab@doit-public.iam.gserviceaccount.com",
            "member": "serviceAccount:saas-codelab@doit-public.iam.gserviceaccount.com",
            "project": "doit-public",
            "role": "roles/pubsub.editor"
          },
          "sensitive_attributes": [],
          "private": "bnVsbA==",
          "dependencies": [
            "data.google_service_account.doit_easily_backend_integration_sa"
          ]
        }
      ]
    },
    {
      "mode": "managed",
      "type": "google_pubsub_subscription",
      "name": "doit_easily_subscription",
      "provider": "provider[\"registry.terraform.io/hashicorp/google\"].prod_impersonation",
      "instances": [
        {
          "schema_version": 0,
          "attributes": {
            "ack_deadline_seconds": 10,
            "dead_letter_policy": [],
            "enable_exactly_once_delivery": false,
            "enable_message_ordering": false,
            "expiration_policy": [
              {
                "ttl": "2678400s"
              }
            ],
            "filter": "",
            "id": "projects/doit-public/subscriptions/doit-easily-codelab",
            "labels": {},
            "message_retention_duration": "604800s",
            "name": "doit-easily-codelab",
            "project": "doit-public",
            "push_config": [
              {
                "attributes": {},
                "oidc_token": [
                  {
                    "audience": "",
                    "service_account_email": "saas-codelab@doit-public.iam.gserviceaccount.com"
                  }
                ],
                "push_endpoint": "https://doit-easily-codelab-a4wux4abbq-uw.a.run.app/notification"
              }
            ],
            "retain_acked_messages": false,
            "retry_policy": [],
            "timeouts": null,
            "topic": "projects/cloudcommerceproc-prod/topics/DEMO-doit-public"
          },
          "sensitive_attributes": [],
          "private": "eyJlMmJmYjczMC1lY2FhLTExZTYtOGY4OC0zNDM2M2JjN2M0YzAiOnsiY3JlYXRlIjoxMjAwMDAwMDAwMDAwLCJkZWxldGUiOjEyMDAwMDAwMDAwMDAsInVwZGF0ZSI6MTIwMDAwMDAwMDAwMH19",
          "dependencies": [
            "google_cloud_run_service.doit_easily_cloudrun_service",
            "data.google_service_account.doit_easily_backend_integration_sa",
            "data.google_service_account_access_token.prod_token"
          ]
        }
      ]
    }
  ]
}
