{
  "version": 4,
  "terraform_version": "1.0.0",
  "serial": 71,
  "lineage": "5818f772-357e-9b83-1e49-71b4fc7e5a0c",
  "outputs": {},
  "resources": [
    {
      "mode": "data",
      "type": "google_service_account",
      "name": "doit_easily_backend_integration_sa",
      "provider": "provider[\"registry.terraform.io/hashicorp/google\"]",
      "instances": [
        {
          "schema_version": 0,
          "attributes": {
            "account_id": "saas-codelab",
            "display_name": "",
            "email": "saas-codelab@doit-public.iam.gserviceaccount.com",
            "id": "projects/doit-public/serviceAccounts/saas-codelab@doit-public.iam.gserviceaccount.com",
            "name": "projects/doit-public/serviceAccounts/saas-codelab@doit-public.iam.gserviceaccount.com",
            "project": "doit-public",
            "unique_id": "118424514155136627063"
          },
          "sensitive_attributes": []
        }
      ]
    },
    {
      "mode": "data",
      "type": "google_service_account_access_token",
      "name": "prod_token",
      "provider": "provider[\"registry.terraform.io/hashicorp/google\"]",
      "instances": [
        {
          "schema_version": 0,
          "attributes": {
            "access_token": "ya29.c.b0AXv0zTOBnwz85OhzV_wuzQdPeQkIOjfM0nm_mzFFWJZO18I7iS94Po9brmlLTdxXTUiSTzXBLpcPFJRbFqDD3zPTzOWKdVTTgBppFC0ofvHjKxqq0VFSl_anBFw0SgmhpMZCc0ShImBBKzmxczm9s76DnkC1dn3zrE_lO7VmMQxDK-JAMxWrq2mgdZVjjYx41V03VvRSrayPXFqjJicrPMAQZGWMn79fXDDUCRz7kJ07jUBCrronA-w8D5RJrMa70tYc2HvojbfSGOQQRE-hZCU5-oqQ7UkdjL2Svytz5jVMhQ1tNKzXkRR6zdoI909cpLCUGAHnnapIEkknxJpPIgMQVif6YucIa5-ZfAijY19rKoqDggTlnqXunF8EsLVDUIz8M8HpqMdB66_GlalB9RK-5kp7UidIkqFWeSVu3oVfFd2CBcYGz0_3Z5EvRJnJQWc_xqseAJ3dyupYuFdc9eFyZedShRLN6JBEiXM2EU4BeypH.......................................................................................................................................................................................................................................................................................................................................................................................................................................................................................................................................",
            "delegates": null,
            "id": "projects/-/serviceAccounts/saas-codelab@doit-public.iam.gserviceaccount.com",
            "lifetime": "1200s",
            "scopes": [
              "cloud-platform",
              "userinfo-email"
            ],
            "target_service_account": "saas-codelab@doit-public.iam.gserviceaccount.com"
          },
          "sensitive_attributes": []
        }
      ]
    },
    {
      "mode": "managed",
      "type": "google_cloud_run_service",
      "name": "doit_easily_cloudrun_service",
      "provider": "provider[\"registry.terraform.io/hashicorp/google\"]",
      "instances": [
        {
          "schema_version": 1,
          "attributes": {
            "autogenerate_revision_name": false,
            "id": "locations/us-west1/namespaces/doit-public/services/doit-easily-codelab",
            "location": "us-west1",
            "metadata": [
              {
                "annotations": {
                  "run.googleapis.com/ingress": "all",
                  "run.googleapis.com/ingress-status": "all",
                  "serving.knative.dev/creator": "dave.c@doit-intl.com",
                  "serving.knative.dev/lastModifier": "dave.c@doit-intl.com"
                },
                "generation": 4,
                "labels": {
                  "cloud.googleapis.com/location": "us-west1"
                },
                "namespace": "doit-public",
                "resource_version": "AAXjt0OKwBY",
                "self_link": "/apis/serving.knative.dev/v1/namespaces/991165491044/services/doit-easily-codelab",
                "uid": "9fea6f51-88c5-428f-8f5e-fb342424e416"
              }
            ],
            "name": "doit-easily-codelab",
            "project": "doit-public",
            "status": [
              {
                "conditions": [
                  {
                    "message": "",
                    "reason": "",
                    "status": "True",
                    "type": "Ready"
                  },
                  {
                    "message": "",
                    "reason": "",
                    "status": "True",
                    "type": "ConfigurationsReady"
                  },
                  {
                    "message": "",
                    "reason": "",
                    "status": "True",
                    "type": "RoutesReady"
                  }
                ],
                "latest_created_revision_name": "doit-easily-codelab-xs8q6",
                "latest_ready_revision_name": "doit-easily-codelab-xs8q6",
                "observed_generation": 4,
                "url": "https://doit-easily-codelab-a4wux4abbq-uw.a.run.app"
              }
            ],
            "template": [
              {
                "metadata": [
                  {
                    "annotations": {
                      "autoscaling.knative.dev/maxScale": "100"
                    },
                    "generation": 0,
                    "labels": {},
                    "name": "",
                    "namespace": "",
                    "resource_version": "",
                    "self_link": "",
                    "uid": ""
                  }
                ],
                "spec": [
                  {
                    "container_concurrency": 80,
                    "containers": [
                      {
                        "args": [],
                        "command": [],
                        "env": [
                          {
                            "name": "AUTO_APPROVE_ENTITLEMENTS",
                            "value": "false",
                            "value_from": []
                          },
                          {
                            "name": "BACKEND_PROJECT",
                            "value": "",
                            "value_from": []
                          },
                          {
                            "name": "ENABLE_PUSH_ENDPOINT",
                            "value": "true",
                            "value_from": []
                          },
                          {
                            "name": "EVENT_TOPIC",
                            "value": "",
                            "value_from": []
                          },
                          {
                            "name": "IS_CODELAB",
                            "value": "true",
                            "value_from": []
                          },
                          {
                            "name": "LOG_LEVEL",
                            "value": "debug",
                            "value_from": []
                          },
                          {
                            "name": "MARKETPLACE_PROJECT",
                            "value": "doit-public",
                            "value_from": []
                          },
                          {
                            "name": "SLACK_WEBHOOK",
                            "value": "",
                            "value_from": []
                          },
                          {
                            "name": "SUBSCRIPTION_ID",
                            "value": "",
                            "value_from": []
                          }
                        ],
                        "env_from": [],
                        "image": "gcr.io/doit-public/doit-easily:0.3.0-alpha2",
                        "ports": [
                          {
                            "container_port": 8080,
                            "name": "http1",
                            "protocol": ""
                          }
                        ],
                        "resources": [
                          {
                            "limits": {
                              "cpu": "1000m",
                              "memory": "512Mi"
                            },
                            "requests": {}
                          }
                        ],
                        "volume_mounts": [],
                        "working_dir": ""
                      }
                    ],
                    "service_account_name": "saas-codelab@doit-public.iam.gserviceaccount.com",
                    "serving_state": "",
                    "timeout_seconds": 300,
                    "volumes": []
                  }
                ]
              }
            ],
            "timeouts": null,
            "traffic": [
              {
                "latest_revision": true,
                "percent": 100,
                "revision_name": "",
                "tag": "",
                "url": ""
              }
            ]
          },
          "sensitive_attributes": [],
          "private": "eyJlMmJmYjczMC1lY2FhLTExZTYtOGY4OC0zNDM2M2JjN2M0YzAiOnsiY3JlYXRlIjoxMjAwMDAwMDAwMDAwLCJkZWxldGUiOjEyMDAwMDAwMDAwMDAsInVwZGF0ZSI6MTIwMDAwMDAwMDAwMH0sInNjaGVtYV92ZXJzaW9uIjoiMSJ9",
          "dependencies": [
            "data.google_service_account.doit_easily_backend_integration_sa"
          ]
        }
      ]
    },
    {
      "mode": "managed",
      "type": "google_cloud_run_service_iam_member",
      "name": "alfredo_invoker",
      "provider": "provider[\"registry.terraform.io/hashicorp/google\"]",
      "instances": [
        {
          "schema_version": 0,
          "attributes": {
            "condition": [],
            "etag": "BwXjtsMhMR0=",
            "id": "v1/projects/doit-public/locations/us-west1/services/doit-easily-codelab/roles/run.invoker/user:alfredo@doit-intl.com",
            "location": "us-west1",
            "member": "user:alfredo@doit-intl.com",
            "project": "doit-public",
            "role": "roles/run.invoker",
            "service": "v1/projects/doit-public/locations/us-west1/services/doit-easily-codelab"
          },
          "sensitive_attributes": [],
          "private": "bnVsbA==",
          "dependencies": [
            "data.google_service_account.doit_easily_backend_integration_sa",
            "google_cloud_run_service.doit_easily_cloudrun_service"
          ]
        }
      ]
    },
    {
      "mode": "managed",
      "type": "google_cloud_run_service_iam_member",
      "name": "davec_invoker",
      "provider": "provider[\"registry.terraform.io/hashicorp/google\"]",
      "instances": [
        {
          "schema_version": 0,
          "attributes": {
            "condition": [],
            "etag": "BwXjtsMhMR0=",
            "id": "v1/projects/doit-public/locations/us-west1/services/doit-easily-codelab/roles/run.invoker/user:dave.c@doit-intl.com",
            "location": "us-west1",
            "member": "user:dave.c@doit-intl.com",
            "project": "doit-public",
            "role": "roles/run.invoker",
            "service": "v1/projects/doit-public/locations/us-west1/services/doit-easily-codelab"
          },
          "sensitive_attributes": [],
          "private": "bnVsbA==",
          "dependencies": [
            "data.google_service_account.doit_easily_backend_integration_sa",
            "google_cloud_run_service.doit_easily_cloudrun_service"
          ]
        }
      ]
    },
    {
      "mode": "managed",
      "type": "google_cloud_run_service_iam_member",
      "name": "doit_easily_cloudrun_invoker",
      "provider": "provider[\"registry.terraform.io/hashicorp/google\"]",
      "instances": [
        {
          "schema_version": 0,
          "attributes": {
            "condition": [],
            "etag": "BwXjtsMhMR0=",
            "id": "v1/projects/doit-public/locations/us-west1/services/doit-easily-codelab/roles/run.invoker/serviceAccount:saas-codelab@doit-public.iam.gserviceaccount.com",
            "location": "us-west1",
            "member": "serviceAccount:saas-codelab@doit-public.iam.gserviceaccount.com",
            "project": "doit-public",
            "role": "roles/run.invoker",
            "service": "v1/projects/doit-public/locations/us-west1/services/doit-easily-codelab"
          },
          "sensitive_attributes": [],
          "private": "bnVsbA==",
          "dependencies": [
            "data.google_service_account.doit_easily_backend_integration_sa",
            "google_cloud_run_service.doit_easily_cloudrun_service"
          ]
        }
      ]
    },
    {
      "mode": "managed",
      "type": "google_project_iam_member",
      "name": "doit_easily_pubsub_editor",
      "provider": "provider[\"registry.terraform.io/hashicorp/google\"]",
      "instances": [
        {
          "schema_version": 0,
          "attributes": {
            "condition": [],
            "etag": "BwXjtndBrZo=",
            "id": "doit-public/roles/pubsub.editor/serviceAccount:saas-codelab@doit-public.iam.gserviceaccount.com",
            "member": "serviceAccount:saas-codelab@doit-public.iam.gserviceaccount.com",
            "project": "doit-public",
            "role": "roles/pubsub.editor"
          },
          "sensitive_attributes": [],
          "private": "bnVsbA==",
          "dependencies": [
            "data.google_service_account.doit_easily_backend_integration_sa"
          ]
        }
      ]
    },
    {
      "mode": "managed",
      "type": "google_pubsub_subscription",
      "name": "doit_easily_subscription",
      "provider": "provider[\"registry.terraform.io/hashicorp/google\"].prod_impersonation",
      "instances": [
        {
          "schema_version": 0,
          "attributes": {
            "ack_deadline_seconds": 10,
            "dead_letter_policy": [],
            "enable_exactly_once_delivery": false,
            "enable_message_ordering": false,
            "expiration_policy": [
              {
                "ttl": "2678400s"
              }
            ],
            "filter": "",
            "id": "projects/doit-public/subscriptions/doit-easily-codelab",
            "labels": {},
            "message_retention_duration": "604800s",
            "name": "doit-easily-codelab",
            "project": "doit-public",
            "push_config": [
              {
                "attributes": {},
                "oidc_token": [
                  {
                    "audience": "",
                    "service_account_email": "saas-codelab@doit-public.iam.gserviceaccount.com"
                  }
                ],
                "push_endpoint": "https://doit-easily-codelab-a4wux4abbq-uw.a.run.app/notification"
              }
            ],
            "retain_acked_messages": false,
            "retry_policy": [],
            "timeouts": null,
            "topic": "projects/cloudcommerceproc-prod/topics/DEMO-doit-public"
          },
          "sensitive_attributes": [],
          "private": "eyJlMmJmYjczMC1lY2FhLTExZTYtOGY4OC0zNDM2M2JjN2M0YzAiOnsiY3JlYXRlIjoxMjAwMDAwMDAwMDAwLCJkZWxldGUiOjEyMDAwMDAwMDAwMDAsInVwZGF0ZSI6MTIwMDAwMDAwMDAwMH19",
          "dependencies": [
            "data.google_service_account.doit_easily_backend_integration_sa",
            "data.google_service_account_access_token.prod_token",
            "google_cloud_run_service.doit_easily_cloudrun_service"
          ]
        }
      ]
    }
  ]
}
