{
  "version": 4,
  "terraform_version": "1.0.0",
  "serial": 42,
  "lineage": "5818f772-357e-9b83-1e49-71b4fc7e5a0c",
  "outputs": {},
  "resources": [
    {
      "mode": "data",
      "type": "google_service_account",
      "name": "doit_easily_backend_integration_sa",
      "provider": "provider[\"registry.terraform.io/hashicorp/google\"]",
      "instances": [
        {
          "schema_version": 0,
          "attributes": {
            "account_id": "doit-easily",
            "display_name": "doit-easily",
            "email": "doit-easily@doit-public.iam.gserviceaccount.com",
            "id": "projects/doit-public/serviceAccounts/doit-easily@doit-public.iam.gserviceaccount.com",
            "name": "projects/doit-public/serviceAccounts/doit-easily@doit-public.iam.gserviceaccount.com",
            "project": "doit-public",
            "unique_id": "106976549786741098245"
          },
          "sensitive_attributes": []
        }
      ]
    },
    {
      "mode": "data",
      "type": "google_service_account_access_token",
      "name": "prod_token",
      "provider": "provider[\"registry.terraform.io/hashicorp/google\"]",
      "instances": [
        {
          "schema_version": 0,
          "attributes": {
            "access_token": "ya29.c.b0AXv0zTNnalEGLseu9UX7_pMrEKoXKltsU7xxEC_yKSnDsNPjPlX7eX9QHRAXOCbesNYjBeaYzhKaN5wIc_j26KzNNOfj42eqEfaYA0URoxN9ZmHxKNQR_Mk9MjsxGHT7qS3wGQq3-GcklRV5zD0aUUgUpC_qFiqYp0_h_0Bza2t28FlaptJUyTOpDsyrgdvgjGaN6t658YggQdXuerZiKvXBx1eI627Tzn6g1QMzRoZX2XXjEUQItFPWOon637ng-6mcK5ixk7xyBNAL66NGYEgyCfLWXQetB4_FLz3JT2p93qUgEw_AxDseoeyS-sw9wLE9zjLw-mvzbTp8N2VAydD4vsee7J813IDeF5DVgQ8EqrSAlcUFSJg_TUfrLhtB_eSQGwcXyf0v03XawjK4ejE8nUTc39o8xujtyhDasAD0RKH0lEd-_1ihkCUX49zuMGSgENIVWJ_Lv0fISCGozgZdDLbUFi9g6ObghZF21E1kOJ2AKw.....................................................................................................................................................................................................................................................................................................................................................................................................................................................................................................................................",
            "delegates": null,
            "id": "projects/-/serviceAccounts/doit-easily@doit-public.iam.gserviceaccount.com",
            "lifetime": "1200s",
            "scopes": [
              "cloud-platform",
              "userinfo-email"
            ],
            "target_service_account": "doit-easily@doit-public.iam.gserviceaccount.com"
          },
          "sensitive_attributes": []
        }
      ]
    },
    {
      "mode": "managed",
      "type": "google_cloud_run_service",
      "name": "doit_easily_cloudrun_service",
      "provider": "provider[\"registry.terraform.io/hashicorp/google\"]",
      "instances": [
        {
          "schema_version": 1,
          "attributes": {
            "autogenerate_revision_name": false,
            "id": "locations/us-west1/namespaces/doit-public/services/doit-easily",
            "location": "us-west1",
            "metadata": [
              {
                "annotations": {
                  "run.googleapis.com/ingress": "all",
                  "run.googleapis.com/ingress-status": "all",
                  "serving.knative.dev/creator": "dave.c@doit-intl.com",
                  "serving.knative.dev/lastModifier": "dave.c@doit-intl.com"
                },
                "generation": 1,
                "labels": {
                  "cloud.googleapis.com/location": "us-west1"
                },
                "namespace": "doit-public",
                "resource_version": "AAXjoY0A9qQ",
                "self_link": "/apis/serving.knative.dev/v1/namespaces/991165491044/services/doit-easily",
                "uid": "8360a342-ff14-4a9f-a2cd-66922f076ca5"
              }
            ],
            "name": "doit-easily",
            "project": "doit-public",
            "status": [
              {
                "conditions": [
                  {
                    "message": "",
                    "reason": "",
                    "status": "True",
                    "type": "Ready"
                  },
                  {
                    "message": "",
                    "reason": "",
                    "status": "True",
                    "type": "ConfigurationsReady"
                  },
                  {
                    "message": "",
                    "reason": "",
                    "status": "True",
                    "type": "RoutesReady"
                  }
                ],
                "latest_created_revision_name": "doit-easily-pfbgd",
                "latest_ready_revision_name": "doit-easily-pfbgd",
                "observed_generation": 1,
                "url": "https://doit-easily-a4wux4abbq-uw.a.run.app"
              }
            ],
            "template": [
              {
                "metadata": [
                  {
                    "annotations": {
                      "autoscaling.knative.dev/maxScale": "100"
                    },
                    "generation": 0,
                    "labels": {},
                    "name": "",
                    "namespace": "",
                    "resource_version": "",
                    "self_link": "",
                    "uid": ""
                  }
                ],
                "spec": [
                  {
                    "container_concurrency": 80,
                    "containers": [
                      {
                        "args": [],
                        "command": [],
                        "env": [
                          {
                            "name": "AUTO_APPROVE_ENTITLEMENTS",
                            "value": "false",
                            "value_from": []
                          },
                          {
                            "name": "BACKEND_PROJECT",
                            "value": "",
                            "value_from": []
                          },
                          {
                            "name": "EVENT_TOPIC",
                            "value": "",
                            "value_from": []
                          },
                          {
                            "name": "IS_CODELAB",
                            "value": "true",
                            "value_from": []
                          },
                          {
                            "name": "MARKETPLACE_PROJECT",
                            "value": "doit-public",
                            "value_from": []
                          },
                          {
                            "name": "SLACK_WEBHOOK",
                            "value": "",
                            "value_from": []
                          },
                          {
                            "name": "SUBSCRIPTION_ID",
                            "value": "",
                            "value_from": []
                          }
                        ],
                        "env_from": [],
                        "image": "gcr.io/doit-public/doit-easily:0.3.0-alpha1",
                        "ports": [
                          {
                            "container_port": 8080,
                            "name": "http1",
                            "protocol": ""
                          }
                        ],
                        "resources": [
                          {
                            "limits": {
                              "cpu": "1000m",
                              "memory": "512Mi"
                            },
                            "requests": {}
                          }
                        ],
                        "volume_mounts": [],
                        "working_dir": ""
                      }
                    ],
                    "service_account_name": "991165491044-compute@developer.gserviceaccount.com",
                    "serving_state": "",
                    "timeout_seconds": 300,
                    "volumes": []
                  }
                ]
              }
            ],
            "timeouts": null,
            "traffic": [
              {
                "latest_revision": true,
                "percent": 100,
                "revision_name": "",
                "tag": "",
                "url": ""
              }
            ]
          },
          "sensitive_attributes": [],
          "private": "eyJlMmJmYjczMC1lY2FhLTExZTYtOGY4OC0zNDM2M2JjN2M0YzAiOnsiY3JlYXRlIjoxMjAwMDAwMDAwMDAwLCJkZWxldGUiOjEyMDAwMDAwMDAwMDAsInVwZGF0ZSI6MTIwMDAwMDAwMDAwMH0sInNjaGVtYV92ZXJzaW9uIjoiMSJ9"
        }
      ]
    },
    {
      "mode": "managed",
      "type": "google_cloud_run_service_iam_member",
      "name": "doit_easily_cloudrun_invoker",
      "provider": "provider[\"registry.terraform.io/hashicorp/google\"]",
      "instances": [
        {
          "schema_version": 0,
          "attributes": {
            "condition": [],
            "etag": "BwXjojuglB4=",
            "id": "v1/projects/doit-public/locations/us-west1/services/doit-easily/roles/run.invoker/serviceAccount:doit-easily@doit-public.iam.gserviceaccount.com",
            "location": "us-west1",
            "member": "serviceAccount:doit-easily@doit-public.iam.gserviceaccount.com",
            "project": "doit-public",
            "role": "roles/run.invoker",
            "service": "v1/projects/doit-public/locations/us-west1/services/doit-easily"
          },
          "sensitive_attributes": [],
          "private": "bnVsbA==",
          "dependencies": [
            "data.google_service_account.doit_easily_backend_integration_sa",
            "google_cloud_run_service.doit_easily_cloudrun_service"
          ]
        }
      ]
    },
    {
      "mode": "managed",
      "type": "google_project_iam_member",
      "name": "doit_easily_pubsub_editor",
      "provider": "provider[\"registry.terraform.io/hashicorp/google\"]",
      "instances": [
        {
          "schema_version": 0,
          "attributes": {
            "condition": [],
            "etag": "BwXjoYgmC5c=",
            "id": "doit-public/roles/pubsub.editor/serviceAccount:doit-easily@doit-public.iam.gserviceaccount.com",
            "member": "serviceAccount:doit-easily@doit-public.iam.gserviceaccount.com",
            "project": "doit-public",
            "role": "roles/pubsub.editor"
          },
          "sensitive_attributes": [],
          "private": "bnVsbA==",
          "dependencies": [
            "data.google_service_account.doit_easily_backend_integration_sa"
          ]
        }
      ]
    }
  ]
}
